
Microsoft Visual Studio Solution File, Format Version 12.00
# Visual Studio Version 16
VisualStudioVersion = 16.0.29728.190
MinimumVisualStudioVersion = 10.0.40219.1
Project("{8BC9CEB8-8B4A-11D0-8D11-00A0C91BC942}") = "Server", "IPCServer\IPCServer.vcxproj", "{C563B59B-1785-4100-89A7-9F2479BB3D52}"
EndProject
Project("{8BC9CEB8-8B4A-11D0-8D11-00A0C91BC942}") = "Client", "Client\Client.vcxproj", "{DF2240DD-CB0D-46A7-A04C-96069D432050}"
EndProject
Global
	GlobalSection(SolutionConfigurationPlatforms) = preSolution
		Debug|x64 = Debug|x64
		Debug|x86 = Debug|x86
		Release|x64 = Release|x64
		Release|x86 = Release|x86
	EndGlobalSection
	GlobalSection(ProjectConfigurationPlatforms) = postSolution
		{C563B59B-1785-4100-89A7-9F2479BB3D52}.Debug|x64.ActiveCfg = Debug|x64
		{C563B59B-1785-4100-89A7-9F2479BB3D52}.Debug|x64.Build.0 = Debug|x64
		{C563B59B-1785-4100-89A7-9F2479BB3D52}.Debug|x86.ActiveCfg = Debug|Win32
		{C563B59B-1785-4100-89A7-9F2479BB3D52}.Debug|x86.Build.0 = Debug|Win32
		{C563B59B-1785-4100-89A7-9F2479BB3D52}.Release|x64.ActiveCfg = Release|x64
		{C563B59B-1785-4100-89A7-9F2479BB3D52}.Release|x64.Build.0 = Release|x64
		{C563B59B-1785-4100-89A7-9F2479BB3D52}.Release|x86.ActiveCfg = Release|Win32
		{C563B59B-1785-4100-89A7-9F2479BB3D52}.Release|x86.Build.0 = Release|Win32
		{DF2240DD-CB0D-46A7-A04C-96069D432050}.Debug|x64.ActiveCfg = Debug|x64
		{DF2240DD-CB0D-46A7-A04C-96069D432050}.Debug|x64.Build.0 = Debug|x64
		{DF2240DD-CB0D-46A7-A04C-96069D432050}.Debug|x86.ActiveCfg = Debug|Win32
		{DF2240DD-CB0D-46A7-A04C-96069D432050}.Debug|x86.Build.0 = Debug|Win32
		{DF2240DD-CB0D-46A7-A04C-96069D432050}.Release|x64.ActiveCfg = Release|x64
		{DF2240DD-CB0D-46A7-A04C-96069D432050}.Release|x64.Build.0 = Release|x64
		{DF2240DD-CB0D-46A7-A04C-96069D432050}.Release|x86.ActiveCfg = Release|Win32
		{DF2240DD-CB0D-46A7-A04C-96069D432050}.Release|x86.Build.0 = Release|Win32
	EndGlobalSection
	GlobalSection(SolutionProperties) = preSolution
		HideSolutionNode = FALSE
	EndGlobalSection
	GlobalSection(ExtensibilityGlobals) = postSolution
		SolutionGuid = {DF8E392B-CB87-4E0C-915D-34BD186538E6}
	EndGlobalSection
EndGlobal
